PODS:
  - Alamofire (5.2.0)
  - Auk (11.0.0):
    - moa
  - Kingfisher (5.14.0):
    - Kingfisher/Core (= 5.14.0)
  - Kingfisher/Core (5.14.0)
  - MaterialComponents/AnimationTiming (109.4.0)
  - MaterialComponents/Availability (109.4.0)
  - MaterialComponents/Buttons (109.4.0):
    - MaterialComponents/Elevation
    - MaterialComponents/Ink
    - MaterialComponents/private/Math
    - MaterialComponents/Ripple
    - MaterialComponents/ShadowElevations
    - MaterialComponents/ShadowLayer
    - MaterialComponents/Shapes
    - MaterialComponents/Typography
    - MDFInternationalization
    - MDFTextAccessibility
  - MaterialComponents/Elevation (109.4.0):
    - MaterialComponents/Availability
    - MaterialComponents/private/Color
    - MaterialComponents/private/Math
  - MaterialComponents/Ink (109.4.0):
    - MaterialComponents/Availability
    - MaterialComponents/private/Color
    - MaterialComponents/private/Math
  - MaterialComponents/Palettes (109.4.0)
  - MaterialComponents/private/Application (109.4.0)
  - MaterialComponents/private/Color (109.4.0):
    - MaterialComponents/Availability
  - MaterialComponents/private/Math (109.4.0)
  - MaterialComponents/Ripple (109.4.0):
    - MaterialComponents/AnimationTiming
    - MaterialComponents/Availability
    - MaterialComponents/private/Color
    - MaterialComponents/private/Math
  - MaterialComponents/ShadowElevations (109.4.0)
  - MaterialComponents/ShadowLayer (109.4.0):
    - MaterialComponents/ShadowElevations
  - MaterialComponents/Shapes (109.4.0):
    - MaterialComponents/private/Color
    - MaterialComponents/private/Math
    - MaterialComponents/ShadowLayer
  - MaterialComponents/TextFields (109.4.0):
    - MaterialComponents/AnimationTiming
    - MaterialComponents/Buttons
    - MaterialComponents/Elevation
    - MaterialComponents/Palettes
    - MaterialComponents/private/Math
    - MaterialComponents/Typography
    - MDFInternationalization
  - MaterialComponents/Typography (109.4.0):
    - MaterialComponents/private/Application
    - MaterialComponents/private/Math
  - MDFInternationalization (2.0.0)
  - MDFTextAccessibility (2.0.0)
  - moa (12.0.0)
  - NVActivityIndicatorView (4.8.0):
    - NVActivityIndicatorView/Presenter (= 4.8.0)
  - NVActivityIndicatorView/Presenter (4.8.0)
  - Pageboy (3.6.1)
  - Tabman (2.9.0):
    - Pageboy (~> 3.6.0)
  - YandexMapKit (3.5.0):
    - YandexRuntime (= 3.5.0)
  - YandexMapKitSearch (3.5.0):
    - YandexMapKit (= 3.5.0)
    - YandexRuntime (= 3.5.0)
  - YandexRuntime (3.5.0)

DEPENDENCIES:
  - Alamofire
  - Auk
  - Kingfisher
  - MaterialComponents/TextFields
  - moa
  - NVActivityIndicatorView
  - Tabman
  - YandexMapKit
  - YandexMapKitSearch

SPEC REPOS:
  https://github.com/CocoaPods/Specs.git:
    - Alamofire
    - Auk
    - Kingfisher
    - MaterialComponents
    - MDFInternationalization
    - MDFTextAccessibility
    - moa
    - NVActivityIndicatorView
    - Pageboy
    - Tabman
    - YandexMapKit
    - YandexMapKitSearch
    - YandexRuntime

SPEC CHECKSUMS:
  Alamofire: c1ca147559e730bfb2182c8c7aafbdd90a867987
  Auk: 7cc533252e2caaaa36b2be19c0b799f6057c365a
  Kingfisher: 7b64389a43139c903ec434788344c288217c792d
  MaterialComponents: d4f75b4037cc114d71841ce9933b334c4b604a95
  MDFInternationalization: 010097556d6b09d2c4ea38e0820ea6d37be6a314
  MDFTextAccessibility: 85c09a1bd9c321f494348e632a25063bcda35a53
  moa: e2346f12de6c65bbca4d103950d45db9e46785ef
  NVActivityIndicatorView: d24b7ebcf80af5dcd994adb650e2b6c93379270f
  Pageboy: 29a2d474ad99404b4d77f325e0ab6d705930a4fb
  Tabman: 55d3d18f393ce5119515cd0349c841a07774c895
  YandexMapKit: ecd4b78de34a35df63d066ac299e6fd0fe46d1ba
  YandexMapKitSearch: b46ddd1c80e2e35d006cdfc4ab88070a50cebeda
  YandexRuntime: 2d55244d06267106cf9b00c25a1e63f72a73b6fd

PODFILE CHECKSUM: 9ba67997cc9752b82e835ee064b7bb94f7a95fee

COCOAPODS: 1.9.1
