// !$*UTF8*$!
{
	archiveVersion = 1;
	classes = {
	};
	objectVersion = 51;
	objects = {

/* Begin PBXBuildFile section */
		626B4A55AD0E0CD9ED3E803F /* Pods_ActiveCitizen.framework in Frameworks */ = {isa = PBXBuildFile; fileRef = 42360D9804E970B4B61D3308 /* Pods_ActiveCitizen.framework */; };
		C523600823963C24002D9783 /* UIViewWithXib.swift in Sources */ = {isa = PBXBuildFile; fileRef = C523600723963C24002D9783 /* UIViewWithXib.swift */; };
		C523600B2396419C002D9783 /* ExampleUIViewWithXib.swift in Sources */ = {isa = PBXBuildFile; fileRef = C523600A2396419C002D9783 /* ExampleUIViewWithXib.swift */; };
		C523600D239641D9002D9783 /* ExampleUIViewWithXib.xib in Resources */ = {isa = PBXBuildFile; fileRef = C523600C239641D9002D9783 /* ExampleUIViewWithXib.xib */; };
		C52360102396430C002D9783 /* UIView+Attributes.swift in Sources */ = {isa = PBXBuildFile; fileRef = C523600F2396430C002D9783 /* UIView+Attributes.swift */; };
		C5236012239644FD002D9783 /* IBDesignableView.swift in Sources */ = {isa = PBXBuildFile; fileRef = C5236011239644FD002D9783 /* IBDesignableView.swift */; };
		C523601423964F05002D9783 /* ReportsListViewController.swift in Sources */ = {isa = PBXBuildFile; fileRef = C523601323964F05002D9783 /* ReportsListViewController.swift */; };
		C523601623964F11002D9783 /* ReportsMapViewController.swift in Sources */ = {isa = PBXBuildFile; fileRef = C523601523964F11002D9783 /* ReportsMapViewController.swift */; };
		C52360182396513C002D9783 /* BaseNetworkManager.swift in Sources */ = {isa = PBXBuildFile; fileRef = C52360172396513C002D9783 /* BaseNetworkManager.swift */; };
		C523601A2396593D002D9783 /* ReportsManager.swift in Sources */ = {isa = PBXBuildFile; fileRef = C52360192396593D002D9783 /* ReportsManager.swift */; };
		C523601C23965D5C002D9783 /* Report.swift in Sources */ = {isa = PBXBuildFile; fileRef = C523601B23965D5C002D9783 /* Report.swift */; };
		C523601E23966D16002D9783 /* BaseDataSource.swift in Sources */ = {isa = PBXBuildFile; fileRef = C523601D23966D16002D9783 /* BaseDataSource.swift */; };
		C52360212396700F002D9783 /* ReportsListDataSource.swift in Sources */ = {isa = PBXBuildFile; fileRef = C52360202396700F002D9783 /* ReportsListDataSource.swift */; };
		C5236024239672CD002D9783 /* BaseTableViewCell.swift in Sources */ = {isa = PBXBuildFile; fileRef = C5236023239672CD002D9783 /* BaseTableViewCell.swift */; };
		C523602623967420002D9783 /* ReportsListTableViewCell.swift in Sources */ = {isa = PBXBuildFile; fileRef = C523602523967420002D9783 /* ReportsListTableViewCell.swift */; };
		C523602823967EB0002D9783 /* UIApplication+TopViewController.swift in Sources */ = {isa = PBXBuildFile; fileRef = C523602723967EB0002D9783 /* UIApplication+TopViewController.swift */; };
		C523602A23967F5A002D9783 /* UIApplication+Loading.swift in Sources */ = {isa = PBXBuildFile; fileRef = C523602923967F5A002D9783 /* UIApplication+Loading.swift */; };
		C523602C239687E6002D9783 /* ReportDetailsViewController.swift in Sources */ = {isa = PBXBuildFile; fileRef = C523602B239687E6002D9783 /* ReportDetailsViewController.swift */; };
		C52CE64B2395440F004760EF /* AppDelegate.swift in Sources */ = {isa = PBXBuildFile; fileRef = C52CE64A2395440F004760EF /* AppDelegate.swift */; };
		C52CE6522395440F004760EF /* Main.storyboard in Resources */ = {isa = PBXBuildFile; fileRef = C52CE6502395440F004760EF /* Main.storyboard */; };
		C52CE65423954411004760EF /* Assets.xcassets in Resources */ = {isa = PBXBuildFile; fileRef = C52CE65323954411004760EF /* Assets.xcassets */; };
		C52CE65723954412004760EF /* LaunchScreen.storyboard in Resources */ = {isa = PBXBuildFile; fileRef = C52CE65523954412004760EF /* LaunchScreen.storyboard */; };
		C52CE661239544E4004760EF /* BaseViewController.swift in Sources */ = {isa = PBXBuildFile; fileRef = C52CE660239544E4004760EF /* BaseViewController.swift */; };
		C52CE66923954595004760EF /* MakeReport.storyboard in Resources */ = {isa = PBXBuildFile; fileRef = C52CE66823954595004760EF /* MakeReport.storyboard */; };
		C52CE66B239545A6004760EF /* Profile.storyboard in Resources */ = {isa = PBXBuildFile; fileRef = C52CE66A239545A6004760EF /* Profile.storyboard */; };
		C52CE66D239545B7004760EF /* ReportsList.storyboard in Resources */ = {isa = PBXBuildFile; fileRef = C52CE66C239545B7004760EF /* ReportsList.storyboard */; };
		C52CE66F239545C0004760EF /* Users.storyboard in Resources */ = {isa = PBXBuildFile; fileRef = C52CE66E239545C0004760EF /* Users.storyboard */; };
		C52CE671239545C8004760EF /* More.storyboard in Resources */ = {isa = PBXBuildFile; fileRef = C52CE670239545C8004760EF /* More.storyboard */; };
		C52CE673239548C1004760EF /* BaseMakeReportViewController.swift in Sources */ = {isa = PBXBuildFile; fileRef = C52CE672239548C1004760EF /* BaseMakeReportViewController.swift */; };
		C52CE675239548D7004760EF /* BaseProfileViewController.swift in Sources */ = {isa = PBXBuildFile; fileRef = C52CE674239548D7004760EF /* BaseProfileViewController.swift */; };
		C52CE677239548E6004760EF /* BaseReportsListViewController.swift in Sources */ = {isa = PBXBuildFile; fileRef = C52CE676239548E6004760EF /* BaseReportsListViewController.swift */; };
		C52CE679239548F0004760EF /* BaseUsersViewController.swift in Sources */ = {isa = PBXBuildFile; fileRef = C52CE678239548F0004760EF /* BaseUsersViewController.swift */; };
		C52CE67B239548FD004760EF /* BaseMoreViewController.swift in Sources */ = {isa = PBXBuildFile; fileRef = C52CE67A239548FD004760EF /* BaseMoreViewController.swift */; };
		C52CE67D239549AF004760EF /* MakeReportMapViewController.swift in Sources */ = {isa = PBXBuildFile; fileRef = C52CE67C239549AF004760EF /* MakeReportMapViewController.swift */; };
		C52CE67F23954A03004760EF /* ProfileViewController.swift in Sources */ = {isa = PBXBuildFile; fileRef = C52CE67E23954A03004760EF /* ProfileViewController.swift */; };
		C52CE68123954AA5004760EF /* ReportsListContainerViewController.swift in Sources */ = {isa = PBXBuildFile; fileRef = C52CE68023954AA5004760EF /* ReportsListContainerViewController.swift */; };
		C52CE68323954B01004760EF /* UsersListViewController.swift in Sources */ = {isa = PBXBuildFile; fileRef = C52CE68223954B01004760EF /* UsersListViewController.swift */; };
		C52CE68523954B7E004760EF /* MoreViewController.swift in Sources */ = {isa = PBXBuildFile; fileRef = C52CE68423954B7E004760EF /* MoreViewController.swift */; };
		C52CE68923954FBE004760EF /* UIFont+Style.swift in Sources */ = {isa = PBXBuildFile; fileRef = C52CE68823954FBE004760EF /* UIFont+Style.swift */; };
		C52CE68B23954FCB004760EF /* UIColor+Style.swift in Sources */ = {isa = PBXBuildFile; fileRef = C52CE68A23954FCB004760EF /* UIColor+Style.swift */; };
		C52CE68D23955331004760EF /* UITabBarController+Animation.swift in Sources */ = {isa = PBXBuildFile; fileRef = C52CE68C23955331004760EF /* UITabBarController+Animation.swift */; };
		C52CE68F23955740004760EF /* BaseViewController+TextFieldNavigation.swift in Sources */ = {isa = PBXBuildFile; fileRef = C52CE68E23955740004760EF /* BaseViewController+TextFieldNavigation.swift */; };
		C52CE69123955EE2004760EF /* BaseNavigationController.swift in Sources */ = {isa = PBXBuildFile; fileRef = C52CE69023955EE2004760EF /* BaseNavigationController.swift */; };
		C52CE69323955F95004760EF /* RootTabBarController.swift in Sources */ = {isa = PBXBuildFile; fileRef = C52CE69223955F95004760EF /* RootTabBarController.swift */; };
		C593175923978DE50043F68C /* UIImage+MapMarkers.swift in Sources */ = {isa = PBXBuildFile; fileRef = C593175823978DE50043F68C /* UIImage+MapMarkers.swift */; };
		C593177D2397A4D90043F68C /* String+DateParse.swift in Sources */ = {isa = PBXBuildFile; fileRef = C593177C2397A4D90043F68C /* String+DateParse.swift */; };
		C593177F2397A7890043F68C /* Date+Formatter.swift in Sources */ = {isa = PBXBuildFile; fileRef = C593177E2397A7890043F68C /* Date+Formatter.swift */; };
		C5A3A77123968E4A0006997D /* AboutViewController.swift in Sources */ = {isa = PBXBuildFile; fileRef = C5A3A77023968E4A0006997D /* AboutViewController.swift */; };
		C5A3A77323968E580006997D /* VotingViewController.swift in Sources */ = {isa = PBXBuildFile; fileRef = C5A3A77223968E580006997D /* VotingViewController.swift */; };
		F722EB38239D2FB300718397 /* UIButton+Highlight.swift in Sources */ = {isa = PBXBuildFile; fileRef = F722EB37239D2FB300718397 /* UIButton+Highlight.swift */; };
		F722EB3E239D491B00718397 /* MakeReportMapViewController+TextViewDelegate.swift in Sources */ = {isa = PBXBuildFile; fileRef = F722EB3D239D491B00718397 /* MakeReportMapViewController+TextViewDelegate.swift */; };
		F722EB40239D8EF500718397 /* MakeReportMapViewController+TextViewHideKeyboard.swift in Sources */ = {isa = PBXBuildFile; fileRef = F722EB3F239D8EF500718397 /* MakeReportMapViewController+TextViewHideKeyboard.swift */; };
		F75E4898239AA524007BDD47 /* MakeReport.swift in Sources */ = {isa = PBXBuildFile; fileRef = F75E4897239AA524007BDD47 /* MakeReport.swift */; };
		F75E489C239AC9B0007BDD47 /* UIView+DashedBorder.swift in Sources */ = {isa = PBXBuildFile; fileRef = F75E489B239AC9B0007BDD47 /* UIView+DashedBorder.swift */; };
		F75E48A5239AD082007BDD47 /* GothaProLig.otf in Resources */ = {isa = PBXBuildFile; fileRef = F75E489E239AD082007BDD47 /* GothaProLig.otf */; };
		F75E48A6239AD082007BDD47 /* GothaProBla.otf in Resources */ = {isa = PBXBuildFile; fileRef = F75E489F239AD082007BDD47 /* GothaProBla.otf */; };
		F75E48A7239AD082007BDD47 /* GothaProBol.otf in Resources */ = {isa = PBXBuildFile; fileRef = F75E48A0239AD082007BDD47 /* GothaProBol.otf */; };
		F75E48A8239AD082007BDD47 /* GothaProReg.otf in Resources */ = {isa = PBXBuildFile; fileRef = F75E48A1239AD082007BDD47 /* GothaProReg.otf */; };
		F75E48A9239AD082007BDD47 /* GothamProMediumItalic.ttf in Resources */ = {isa = PBXBuildFile; fileRef = F75E48A2239AD082007BDD47 /* GothamProMediumItalic.ttf */; };
		F75E48AA239AD082007BDD47 /* GothaProMed.otf in Resources */ = {isa = PBXBuildFile; fileRef = F75E48A3239AD082007BDD47 /* GothaProMed.otf */; };
		F75E48AB239AD082007BDD47 /* GothaProLigIta.otf in Resources */ = {isa = PBXBuildFile; fileRef = F75E48A4239AD082007BDD47 /* GothaProLigIta.otf */; };
		F77187C0239FAD3300AAA1C6 /* MakeReportScrollView.swift in Sources */ = {isa = PBXBuildFile; fileRef = F77187BF239FAD3300AAA1C6 /* MakeReportScrollView.swift */; };
		F7A7811A239E9B7700EE2000 /* MakeReportMapViewController+UIScrollviewDelegate.swift in Sources */ = {isa = PBXBuildFile; fileRef = F7A78119239E9B7700EE2000 /* MakeReportMapViewController+UIScrollviewDelegate.swift */; };
/* End PBXBuildFile section */

/* Begin PBXFileReference section */
		42360D9804E970B4B61D3308 /* Pods_ActiveCitizen.framework */ = {isa = PBXFileReference; explicitFileType = wrapper.framework; includeInIndex = 0; path = Pods_ActiveCitizen.framework; sourceTree = BUILT_PRODUCTS_DIR; };
		B2355D48FC3D005665FDBD9A /* Pods-ActiveCitizen.debug.xcconfig */ = {isa = PBXFileReference; includeInIndex = 1; lastKnownFileType = text.xcconfig; name = "Pods-ActiveCitizen.debug.xcconfig"; path = "Target Support Files/Pods-ActiveCitizen/Pods-ActiveCitizen.debug.xcconfig"; sourceTree = "<group>"; };
		C523600723963C24002D9783 /* UIViewWithXib.swift */ = {isa = PBXFileReference; lastKnownFileType = sourcecode.swift; path = UIViewWithXib.swift; sourceTree = "<group>"; };
		C523600A2396419C002D9783 /* ExampleUIViewWithXib.swift */ = {isa = PBXFileReference; lastKnownFileType = sourcecode.swift; path = ExampleUIViewWithXib.swift; sourceTree = "<group>"; };
		C523600C239641D9002D9783 /* ExampleUIViewWithXib.xib */ = {isa = PBXFileReference; lastKnownFileType = file.xib; path = ExampleUIViewWithXib.xib; sourceTree = "<group>"; };
		C523600F2396430C002D9783 /* UIView+Attributes.swift */ = {isa = PBXFileReference; lastKnownFileType = sourcecode.swift; path = "UIView+Attributes.swift"; sourceTree = "<group>"; };
		C5236011239644FD002D9783 /* IBDesignableView.swift */ = {isa = PBXFileReference; lastKnownFileType = sourcecode.swift; path = IBDesignableView.swift; sourceTree = "<group>"; };
		C523601323964F05002D9783 /* ReportsListViewController.swift */ = {isa = PBXFileReference; lastKnownFileType = sourcecode.swift; path = ReportsListViewController.swift; sourceTree = "<group>"; };
		C523601523964F11002D9783 /* ReportsMapViewController.swift */ = {isa = PBXFileReference; lastKnownFileType = sourcecode.swift; path = ReportsMapViewController.swift; sourceTree = "<group>"; };
		C52360172396513C002D9783 /* BaseNetworkManager.swift */ = {isa = PBXFileReference; lastKnownFileType = sourcecode.swift; path = BaseNetworkManager.swift; sourceTree = "<group>"; };
		C52360192396593D002D9783 /* ReportsManager.swift */ = {isa = PBXFileReference; lastKnownFileType = sourcecode.swift; path = ReportsManager.swift; sourceTree = "<group>"; };
		C523601B23965D5C002D9783 /* Report.swift */ = {isa = PBXFileReference; lastKnownFileType = sourcecode.swift; path = Report.swift; sourceTree = "<group>"; };
		C523601D23966D16002D9783 /* BaseDataSource.swift */ = {isa = PBXFileReference; lastKnownFileType = sourcecode.swift; path = BaseDataSource.swift; sourceTree = "<group>"; };
		C52360202396700F002D9783 /* ReportsListDataSource.swift */ = {isa = PBXFileReference; lastKnownFileType = sourcecode.swift; path = ReportsListDataSource.swift; sourceTree = "<group>"; };
		C5236023239672CD002D9783 /* BaseTableViewCell.swift */ = {isa = PBXFileReference; lastKnownFileType = sourcecode.swift; path = BaseTableViewCell.swift; sourceTree = "<group>"; };
		C523602523967420002D9783 /* ReportsListTableViewCell.swift */ = {isa = PBXFileReference; lastKnownFileType = sourcecode.swift; path = ReportsListTableViewCell.swift; sourceTree = "<group>"; };
		C523602723967EB0002D9783 /* UIApplication+TopViewController.swift */ = {isa = PBXFileReference; lastKnownFileType = sourcecode.swift; path = "UIApplication+TopViewController.swift"; sourceTree = "<group>"; };
		C523602923967F5A002D9783 /* UIApplication+Loading.swift */ = {isa = PBXFileReference; lastKnownFileType = sourcecode.swift; path = "UIApplication+Loading.swift"; sourceTree = "<group>"; };
		C523602B239687E6002D9783 /* ReportDetailsViewController.swift */ = {isa = PBXFileReference; lastKnownFileType = sourcecode.swift; path = ReportDetailsViewController.swift; sourceTree = "<group>"; };
		C52CE6472395440F004760EF /* ActiveCitizen.app */ = {isa = PBXFileReference; explicitFileType = wrapper.application; includeInIndex = 0; path = ActiveCitizen.app; sourceTree = BUILT_PRODUCTS_DIR; };
		C52CE64A2395440F004760EF /* AppDelegate.swift */ = {isa = PBXFileReference; lastKnownFileType = sourcecode.swift; path = AppDelegate.swift; sourceTree = "<group>"; };
		C52CE6512395440F004760EF /* Base */ = {isa = PBXFileReference; lastKnownFileType = file.storyboard; name = Base; path = Base.lproj/Main.storyboard; sourceTree = "<group>"; };
		C52CE65323954411004760EF /* Assets.xcassets */ = {isa = PBXFileReference; lastKnownFileType = folder.assetcatalog; path = Assets.xcassets; sourceTree = "<group>"; };
		C52CE65623954412004760EF /* Base */ = {isa = PBXFileReference; lastKnownFileType = file.storyboard; name = Base; path = Base.lproj/LaunchScreen.storyboard; sourceTree = "<group>"; };
		C52CE65823954412004760EF /* Info.plist */ = {isa = PBXFileReference; lastKnownFileType = text.plist.xml; path = Info.plist; sourceTree = "<group>"; };
		C52CE660239544E4004760EF /* BaseViewController.swift */ = {isa = PBXFileReference; lastKnownFileType = sourcecode.swift; path = BaseViewController.swift; sourceTree = "<group>"; };
		C52CE66823954595004760EF /* MakeReport.storyboard */ = {isa = PBXFileReference; lastKnownFileType = file.storyboard; path = MakeReport.storyboard; sourceTree = "<group>"; };
		C52CE66A239545A6004760EF /* Profile.storyboard */ = {isa = PBXFileReference; lastKnownFileType = file.storyboard; path = Profile.storyboard; sourceTree = "<group>"; };
		C52CE66C239545B7004760EF /* ReportsList.storyboard */ = {isa = PBXFileReference; lastKnownFileType = file.storyboard; path = ReportsList.storyboard; sourceTree = "<group>"; };
		C52CE66E239545C0004760EF /* Users.storyboard */ = {isa = PBXFileReference; lastKnownFileType = file.storyboard; path = Users.storyboard; sourceTree = "<group>"; };
		C52CE670239545C8004760EF /* More.storyboard */ = {isa = PBXFileReference; lastKnownFileType = file.storyboard; path = More.storyboard; sourceTree = "<group>"; };
		C52CE672239548C1004760EF /* BaseMakeReportViewController.swift */ = {isa = PBXFileReference; lastKnownFileType = sourcecode.swift; path = BaseMakeReportViewController.swift; sourceTree = "<group>"; };
		C52CE674239548D7004760EF /* BaseProfileViewController.swift */ = {isa = PBXFileReference; lastKnownFileType = sourcecode.swift; path = BaseProfileViewController.swift; sourceTree = "<group>"; };
		C52CE676239548E6004760EF /* BaseReportsListViewController.swift */ = {isa = PBXFileReference; lastKnownFileType = sourcecode.swift; path = BaseReportsListViewController.swift; sourceTree = "<group>"; };
		C52CE678239548F0004760EF /* BaseUsersViewController.swift */ = {isa = PBXFileReference; lastKnownFileType = sourcecode.swift; path = BaseUsersViewController.swift; sourceTree = "<group>"; };
		C52CE67A239548FD004760EF /* BaseMoreViewController.swift */ = {isa = PBXFileReference; lastKnownFileType = sourcecode.swift; path = BaseMoreViewController.swift; sourceTree = "<group>"; };
		C52CE67C239549AF004760EF /* MakeReportMapViewController.swift */ = {isa = PBXFileReference; lastKnownFileType = sourcecode.swift; path = MakeReportMapViewController.swift; sourceTree = "<group>"; };
		C52CE67E23954A03004760EF /* ProfileViewController.swift */ = {isa = PBXFileReference; lastKnownFileType = sourcecode.swift; path = ProfileViewController.swift; sourceTree = "<group>"; };
		C52CE68023954AA5004760EF /* ReportsListContainerViewController.swift */ = {isa = PBXFileReference; lastKnownFileType = sourcecode.swift; path = ReportsListContainerViewController.swift; sourceTree = "<group>"; };
		C52CE68223954B01004760EF /* UsersListViewController.swift */ = {isa = PBXFileReference; lastKnownFileType = sourcecode.swift; path = UsersListViewController.swift; sourceTree = "<group>"; };
		C52CE68423954B7E004760EF /* MoreViewController.swift */ = {isa = PBXFileReference; lastKnownFileType = sourcecode.swift; path = MoreViewController.swift; sourceTree = "<group>"; };
		C52CE68823954FBE004760EF /* UIFont+Style.swift */ = {isa = PBXFileReference; lastKnownFileType = sourcecode.swift; path = "UIFont+Style.swift"; sourceTree = "<group>"; };
		C52CE68A23954FCB004760EF /* UIColor+Style.swift */ = {isa = PBXFileReference; lastKnownFileType = sourcecode.swift; path = "UIColor+Style.swift"; sourceTree = "<group>"; };
		C52CE68C23955331004760EF /* UITabBarController+Animation.swift */ = {isa = PBXFileReference; lastKnownFileType = sourcecode.swift; path = "UITabBarController+Animation.swift"; sourceTree = "<group>"; };
		C52CE68E23955740004760EF /* BaseViewController+TextFieldNavigation.swift */ = {isa = PBXFileReference; lastKnownFileType = sourcecode.swift; path = "BaseViewController+TextFieldNavigation.swift"; sourceTree = "<group>"; };
		C52CE69023955EE2004760EF /* BaseNavigationController.swift */ = {isa = PBXFileReference; lastKnownFileType = sourcecode.swift; path = BaseNavigationController.swift; sourceTree = "<group>"; };
		C52CE69223955F95004760EF /* RootTabBarController.swift */ = {isa = PBXFileReference; lastKnownFileType = sourcecode.swift; path = RootTabBarController.swift; sourceTree = "<group>"; };
		C593175823978DE50043F68C /* UIImage+MapMarkers.swift */ = {isa = PBXFileReference; lastKnownFileType = sourcecode.swift; path = "UIImage+MapMarkers.swift"; sourceTree = "<group>"; };
		C593177C2397A4D90043F68C /* String+DateParse.swift */ = {isa = PBXFileReference; lastKnownFileType = sourcecode.swift; path = "String+DateParse.swift"; sourceTree = "<group>"; };
		C593177E2397A7890043F68C /* Date+Formatter.swift */ = {isa = PBXFileReference; lastKnownFileType = sourcecode.swift; path = "Date+Formatter.swift"; sourceTree = "<group>"; };
		C5A3A77023968E4A0006997D /* AboutViewController.swift */ = {isa = PBXFileReference; lastKnownFileType = sourcecode.swift; path = AboutViewController.swift; sourceTree = "<group>"; };
		C5A3A77223968E580006997D /* VotingViewController.swift */ = {isa = PBXFileReference; lastKnownFileType = sourcecode.swift; path = VotingViewController.swift; sourceTree = "<group>"; };
		E9489D3B0AFFD2E9B4255859 /* Pods-ActiveCitizen.release.xcconfig */ = {isa = PBXFileReference; includeInIndex = 1; lastKnownFileType = text.xcconfig; name = "Pods-ActiveCitizen.release.xcconfig"; path = "Target Support Files/Pods-ActiveCitizen/Pods-ActiveCitizen.release.xcconfig"; sourceTree = "<group>"; };
		F722EB37239D2FB300718397 /* UIButton+Highlight.swift */ = {isa = PBXFileReference; lastKnownFileType = sourcecode.swift; path = "UIButton+Highlight.swift"; sourceTree = "<group>"; };
		F722EB3D239D491B00718397 /* MakeReportMapViewController+TextViewDelegate.swift */ = {isa = PBXFileReference; lastKnownFileType = sourcecode.swift; path = "MakeReportMapViewController+TextViewDelegate.swift"; sourceTree = "<group>"; };
		F722EB3F239D8EF500718397 /* MakeReportMapViewController+TextViewHideKeyboard.swift */ = {isa = PBXFileReference; lastKnownFileType = sourcecode.swift; path = "MakeReportMapViewController+TextViewHideKeyboard.swift"; sourceTree = "<group>"; };
		F75E4897239AA524007BDD47 /* MakeReport.swift */ = {isa = PBXFileReference; lastKnownFileType = sourcecode.swift; path = MakeReport.swift; sourceTree = "<group>"; };
		F75E489B239AC9B0007BDD47 /* UIView+DashedBorder.swift */ = {isa = PBXFileReference; lastKnownFileType = sourcecode.swift; path = "UIView+DashedBorder.swift"; sourceTree = "<group>"; };
		F75E489E239AD082007BDD47 /* GothaProLig.otf */ = {isa = PBXFileReference; lastKnownFileType = file; path = GothaProLig.otf; sourceTree = "<group>"; };
		F75E489F239AD082007BDD47 /* GothaProBla.otf */ = {isa = PBXFileReference; lastKnownFileType = file; path = GothaProBla.otf; sourceTree = "<group>"; };
		F75E48A0239AD082007BDD47 /* GothaProBol.otf */ = {isa = PBXFileReference; lastKnownFileType = file; path = GothaProBol.otf; sourceTree = "<group>"; };
		F75E48A1239AD082007BDD47 /* GothaProReg.otf */ = {isa = PBXFileReference; lastKnownFileType = file; path = GothaProReg.otf; sourceTree = "<group>"; };
		F75E48A2239AD082007BDD47 /* GothamProMediumItalic.ttf */ = {isa = PBXFileReference; lastKnownFileType = file; path = GothamProMediumItalic.ttf; sourceTree = "<group>"; };
		F75E48A3239AD082007BDD47 /* GothaProMed.otf */ = {isa = PBXFileReference; lastKnownFileType = file; path = GothaProMed.otf; sourceTree = "<group>"; };
		F75E48A4239AD082007BDD47 /* GothaProLigIta.otf */ = {isa = PBXFileReference; lastKnownFileType = file; path = GothaProLigIta.otf; sourceTree = "<group>"; };
		F77187BF239FAD3300AAA1C6 /* MakeReportScrollView.swift */ = {isa = PBXFileReference; lastKnownFileType = sourcecode.swift; path = MakeReportScrollView.swift; sourceTree = "<group>"; };
		F7A78119239E9B7700EE2000 /* MakeReportMapViewController+UIScrollviewDelegate.swift */ = {isa = PBXFileReference; lastKnownFileType = sourcecode.swift; path = "MakeReportMapViewController+UIScrollviewDelegate.swift"; sourceTree = "<group>"; };
/* End PBXFileReference section */

/* Begin PBXFrameworksBuildPhase section */
		C52CE6442395440F004760EF /* Frameworks */ = {
			isa = PBXFrameworksBuildPhase;
			buildActionMask = 2147483647;
			files = (
				626B4A55AD0E0CD9ED3E803F /* Pods_ActiveCitizen.framework in Frameworks */,
			);
			runOnlyForDeploymentPostprocessing = 0;
		};
/* End PBXFrameworksBuildPhase section */

/* Begin PBXGroup section */
		6030E29A23F1B851113740CB /* Pods */ = {
			isa = PBXGroup;
			children = (
				B2355D48FC3D005665FDBD9A /* Pods-ActiveCitizen.debug.xcconfig */,
				E9489D3B0AFFD2E9B4255859 /* Pods-ActiveCitizen.release.xcconfig */,
			);
			path = Pods;
			sourceTree = "<group>";
		};
		79373E13078ECD7F469C1BAF /* Frameworks */ = {
			isa = PBXGroup;
			children = (
				42360D9804E970B4B61D3308 /* Pods_ActiveCitizen.framework */,
			);
			name = Frameworks;
			sourceTree = "<group>";
		};
		C523600923963C2A002D9783 /* Base */ = {
			isa = PBXGroup;
			children = (
				C523600723963C24002D9783 /* UIViewWithXib.swift */,
				C5236011239644FD002D9783 /* IBDesignableView.swift */,
			);
			path = Base;
			sourceTree = "<group>";
		};
		C523600E239641DD002D9783 /* ExampleUIViewWithXib */ = {
			isa = PBXGroup;
			children = (
				C523600A2396419C002D9783 /* ExampleUIViewWithXib.swift */,
				C523600C239641D9002D9783 /* ExampleUIViewWithXib.xib */,
			);
			path = ExampleUIViewWithXib;
			sourceTree = "<group>";
		};
		C5236022239672B5002D9783 /* Cells */ = {
			isa = PBXGroup;
			children = (
				C5236023239672CD002D9783 /* BaseTableViewCell.swift */,
				C523602523967420002D9783 /* ReportsListTableViewCell.swift */,
			);
			path = Cells;
			sourceTree = "<group>";
		};
		C52CE63E2395440F004760EF = {
			isa = PBXGroup;
			children = (
				C52CE6492395440F004760EF /* ActiveCitizen */,
				C52CE6482395440F004760EF /* Products */,
				6030E29A23F1B851113740CB /* Pods */,
				79373E13078ECD7F469C1BAF /* Frameworks */,
			);
			sourceTree = "<group>";
		};
		C52CE6482395440F004760EF /* Products */ = {
			isa = PBXGroup;
			children = (
				C52CE6472395440F004760EF /* ActiveCitizen.app */,
			);
			name = Products;
			sourceTree = "<group>";
		};
		C52CE6492395440F004760EF /* ActiveCitizen */ = {
			isa = PBXGroup;
			children = (
				F75E489D239AD082007BDD47 /* FontFamily */,
				C52CE68723954F89004760EF /* Extension */,
				C52CE68623954D69004760EF /* Views */,
				C52CE65E239544CC004760EF /* ViewControllers */,
				C52CE69423955FF6004760EF /* Data */,
				C52CE66723954581004760EF /* Storyboards */,
				C52CE64A2395440F004760EF /* AppDelegate.swift */,
				C52CE65323954411004760EF /* Assets.xcassets */,
				C52CE65523954412004760EF /* LaunchScreen.storyboard */,
				C52CE65823954412004760EF /* Info.plist */,
			);
			path = ActiveCitizen;
			sourceTree = "<group>";
		};
		C52CE65E239544CC004760EF /* ViewControllers */ = {
			isa = PBXGroup;
			children = (
				C52CE65F239544D5004760EF /* Base */,
				C52CE662239544FE004760EF /* MakeReport */,
				C52CE66323954504004760EF /* Profile */,
				C52CE6642395454B004760EF /* ReportsList */,
				C52CE6652395455B004760EF /* Users */,
				C52CE66623954571004760EF /* More */,
			);
			path = ViewControllers;
			sourceTree = "<group>";
		};
		C52CE65F239544D5004760EF /* Base */ = {
			isa = PBXGroup;
			children = (
				C52CE660239544E4004760EF /* BaseViewController.swift */,
				C52CE69023955EE2004760EF /* BaseNavigationController.swift */,
				C52CE69223955F95004760EF /* RootTabBarController.swift */,
				C52CE672239548C1004760EF /* BaseMakeReportViewController.swift */,
				C52CE674239548D7004760EF /* BaseProfileViewController.swift */,
				C52CE676239548E6004760EF /* BaseReportsListViewController.swift */,
				C52CE678239548F0004760EF /* BaseUsersViewController.swift */,
				C52CE67A239548FD004760EF /* BaseMoreViewController.swift */,
			);
			path = Base;
			sourceTree = "<group>";
		};
		C52CE662239544FE004760EF /* MakeReport */ = {
			isa = PBXGroup;
			children = (
				C52CE67C239549AF004760EF /* MakeReportMapViewController.swift */,
			);
			path = MakeReport;
			sourceTree = "<group>";
		};
		C52CE66323954504004760EF /* Profile */ = {
			isa = PBXGroup;
			children = (
				C52CE67E23954A03004760EF /* ProfileViewController.swift */,
			);
			path = Profile;
			sourceTree = "<group>";
		};
		C52CE6642395454B004760EF /* ReportsList */ = {
			isa = PBXGroup;
			children = (
				C52CE68023954AA5004760EF /* ReportsListContainerViewController.swift */,
				C523601323964F05002D9783 /* ReportsListViewController.swift */,
				C523601523964F11002D9783 /* ReportsMapViewController.swift */,
				C523602B239687E6002D9783 /* ReportDetailsViewController.swift */,
			);
			path = ReportsList;
			sourceTree = "<group>";
		};
		C52CE6652395455B004760EF /* Users */ = {
			isa = PBXGroup;
			children = (
				C52CE68223954B01004760EF /* UsersListViewController.swift */,
			);
			path = Users;
			sourceTree = "<group>";
		};
		C52CE66623954571004760EF /* More */ = {
			isa = PBXGroup;
			children = (
				C52CE68423954B7E004760EF /* MoreViewController.swift */,
				C5A3A77023968E4A0006997D /* AboutViewController.swift */,
				C5A3A77223968E580006997D /* VotingViewController.swift */,
			);
			path = More;
			sourceTree = "<group>";
		};
		C52CE66723954581004760EF /* Storyboards */ = {
			isa = PBXGroup;
			children = (
				C52CE6502395440F004760EF /* Main.storyboard */,
				C52CE66823954595004760EF /* MakeReport.storyboard */,
				C52CE66A239545A6004760EF /* Profile.storyboard */,
				C52CE66C239545B7004760EF /* ReportsList.storyboard */,
				C52CE66E239545C0004760EF /* Users.storyboard */,
				C52CE670239545C8004760EF /* More.storyboard */,
			);
			path = Storyboards;
			sourceTree = "<group>";
		};
		C52CE68623954D69004760EF /* Views */ = {
			isa = PBXGroup;
			children = (
				F75E4896239AA507007BDD47 /* MakeReport */,
				C523600923963C2A002D9783 /* Base */,
				C5236022239672B5002D9783 /* Cells */,
				C523600E239641DD002D9783 /* ExampleUIViewWithXib */,
			);
			path = Views;
			sourceTree = "<group>";
		};
		C52CE68723954F89004760EF /* Extension */ = {
			isa = PBXGroup;
			children = (
				F75E489B239AC9B0007BDD47 /* UIView+DashedBorder.swift */,
				C523600F2396430C002D9783 /* UIView+Attributes.swift */,
				C52CE68823954FBE004760EF /* UIFont+Style.swift */,
				C52CE68A23954FCB004760EF /* UIColor+Style.swift */,
				C52CE68C23955331004760EF /* UITabBarController+Animation.swift */,
				C52CE68E23955740004760EF /* BaseViewController+TextFieldNavigation.swift */,
				C523602723967EB0002D9783 /* UIApplication+TopViewController.swift */,
				C523602923967F5A002D9783 /* UIApplication+Loading.swift */,
				C593175823978DE50043F68C /* UIImage+MapMarkers.swift */,
				C593177C2397A4D90043F68C /* String+DateParse.swift */,
				C593177E2397A7890043F68C /* Date+Formatter.swift */,
				F722EB37239D2FB300718397 /* UIButton+Highlight.swift */,
				F722EB3D239D491B00718397 /* MakeReportMapViewController+TextViewDelegate.swift */,
				F722EB3F239D8EF500718397 /* MakeReportMapViewController+TextViewHideKeyboard.swift */,
				F7A78119239E9B7700EE2000 /* MakeReportMapViewController+UIScrollviewDelegate.swift */,
			);
			path = Extension;
			sourceTree = "<group>";
		};
		C52CE69423955FF6004760EF /* Data */ = {
			isa = PBXGroup;
			children = (
				C52CE69723956017004760EF /* DataSource */,
				C52CE69623956012004760EF /* Model */,
				C52CE69523956008004760EF /* Managers */,
			);
			path = Data;
			sourceTree = "<group>";
		};
		C52CE69523956008004760EF /* Managers */ = {
			isa = PBXGroup;
			children = (
				C52360172396513C002D9783 /* BaseNetworkManager.swift */,
				C52360192396593D002D9783 /* ReportsManager.swift */,
			);
			path = Managers;
			sourceTree = "<group>";
		};
		C52CE69623956012004760EF /* Model */ = {
			isa = PBXGroup;
			children = (
				C523601B23965D5C002D9783 /* Report.swift */,
			);
			path = Model;
			sourceTree = "<group>";
		};
		C52CE69723956017004760EF /* DataSource */ = {
			isa = PBXGroup;
			children = (
				C523601D23966D16002D9783 /* BaseDataSource.swift */,
				C52360202396700F002D9783 /* ReportsListDataSource.swift */,
			);
			path = DataSource;
			sourceTree = "<group>";
		};
		F75E4896239AA507007BDD47 /* MakeReport */ = {
			isa = PBXGroup;
			children = (
				F75E4897239AA524007BDD47 /* MakeReport.swift */,
				F77187BF239FAD3300AAA1C6 /* MakeReportScrollView.swift */,
			);
			path = MakeReport;
			sourceTree = "<group>";
		};
		F75E489D239AD082007BDD47 /* FontFamily */ = {
			isa = PBXGroup;
			children = (
				F75E489E239AD082007BDD47 /* GothaProLig.otf */,
				F75E489F239AD082007BDD47 /* GothaProBla.otf */,
				F75E48A0239AD082007BDD47 /* GothaProBol.otf */,
				F75E48A1239AD082007BDD47 /* GothaProReg.otf */,
				F75E48A2239AD082007BDD47 /* GothamProMediumItalic.ttf */,
				F75E48A3239AD082007BDD47 /* GothaProMed.otf */,
				F75E48A4239AD082007BDD47 /* GothaProLigIta.otf */,
			);
			name = FontFamily;
			path = ActiveCitizen/FontFamily;
			sourceTree = SOURCE_ROOT;
		};
/* End PBXGroup section */

/* Begin PBXNativeTarget section */
		C52CE6462395440F004760EF /* ActiveCitizen */ = {
			isa = PBXNativeTarget;
			buildConfigurationList = C52CE65B23954412004760EF /* Build configuration list for PBXNativeTarget "ActiveCitizen" */;
			buildPhases = (
				E3BBAFA5C45AC146BDFA6D43 /* [CP] Check Pods Manifest.lock */,
				C52CE6432395440F004760EF /* Sources */,
				C52CE6442395440F004760EF /* Frameworks */,
				C52CE6452395440F004760EF /* Resources */,
				76E124B0F3641AC6519C4987 /* [CP] Embed Pods Frameworks */,
				700AFFEF33DA7A0C08F06EC0 /* [CP] Copy Pods Resources */,
			);
			buildRules = (
			);
			dependencies = (
			);
			name = ActiveCitizen;
			productName = ActiveCitizen;
			productReference = C52CE6472395440F004760EF /* ActiveCitizen.app */;
			productType = "com.apple.product-type.application";
		};
/* End PBXNativeTarget section */

/* Begin PBXProject section */
		C52CE63F2395440F004760EF /* Project object */ = {
			isa = PBXProject;
			attributes = {
				LastSwiftUpdateCheck = 1120;
				LastUpgradeCheck = 1120;
				ORGANIZATIONNAME = "Antares Software";
				TargetAttributes = {
					C52CE6462395440F004760EF = {
						CreatedOnToolsVersion = 11.2.1;
					};
				};
			};
			buildConfigurationList = C52CE6422395440F004760EF /* Build configuration list for PBXProject "ActiveCitizen" */;
			compatibilityVersion = "Xcode 9.3";
			developmentRegion = en;
			hasScannedForEncodings = 0;
			knownRegions = (
				en,
				Base,
			);
			mainGroup = C52CE63E2395440F004760EF;
			productRefGroup = C52CE6482395440F004760EF /* Products */;
			projectDirPath = "";
			projectRoot = "";
			targets = (
				C52CE6462395440F004760EF /* ActiveCitizen */,
			);
		};
/* End PBXProject section */

/* Begin PBXResourcesBuildPhase section */
		C52CE6452395440F004760EF /* Resources */ = {
			isa = PBXResourcesBuildPhase;
			buildActionMask = 2147483647;
			files = (
				C52CE66F239545C0004760EF /* Users.storyboard in Resources */,
				C52CE671239545C8004760EF /* More.storyboard in Resources */,
				F75E48A6239AD082007BDD47 /* GothaProBla.otf in Resources */,
				C52CE66D239545B7004760EF /* ReportsList.storyboard in Resources */,
				C52CE65723954412004760EF /* LaunchScreen.storyboard in Resources */,
				F75E48A5239AD082007BDD47 /* GothaProLig.otf in Resources */,
				F75E48A8239AD082007BDD47 /* GothaProReg.otf in Resources */,
				F75E48AB239AD082007BDD47 /* GothaProLigIta.otf in Resources */,
				C523600D239641D9002D9783 /* ExampleUIViewWithXib.xib in Resources */,
				F75E48A7239AD082007BDD47 /* GothaProBol.otf in Resources */,
				C52CE65423954411004760EF /* Assets.xcassets in Resources */,
				F75E48AA239AD082007BDD47 /* GothaProMed.otf in Resources */,
				C52CE66B239545A6004760EF /* Profile.storyboard in Resources */,
				C52CE66923954595004760EF /* MakeReport.storyboard in Resources */,
				C52CE6522395440F004760EF /* Main.storyboard in Resources */,
				F75E48A9239AD082007BDD47 /* GothamProMediumItalic.ttf in Resources */,
			);
			runOnlyForDeploymentPostprocessing = 0;
		};
/* End PBXResourcesBuildPhase section */

/* Begin PBXShellScriptBuildPhase section */
		700AFFEF33DA7A0C08F06EC0 /* [CP] Copy Pods Resources */ = {
			isa = PBXShellScriptBuildPhase;
			buildActionMask = 2147483647;
			files = (
			);
			inputFileListPaths = (
				"${PODS_ROOT}/Target Support Files/Pods-ActiveCitizen/Pods-ActiveCitizen-resources-${CONFIGURATION}-input-files.xcfilelist",
			);
			name = "[CP] Copy Pods Resources";
			outputFileListPaths = (
				"${PODS_ROOT}/Target Support Files/Pods-ActiveCitizen/Pods-ActiveCitizen-resources-${CONFIGURATION}-output-files.xcfilelist",
			);
			runOnlyForDeploymentPostprocessing = 0;
			shellPath = /bin/sh;
			shellScript = "\"${PODS_ROOT}/Target Support Files/Pods-ActiveCitizen/Pods-ActiveCitizen-resources.sh\"\n";
			showEnvVarsInLog = 0;
		};
		76E124B0F3641AC6519C4987 /* [CP] Embed Pods Frameworks */ = {
			isa = PBXShellScriptBuildPhase;
			buildActionMask = 2147483647;
			files = (
			);
			inputFileListPaths = (
				"${PODS_ROOT}/Target Support Files/Pods-ActiveCitizen/Pods-ActiveCitizen-frameworks-${CONFIGURATION}-input-files.xcfilelist",
			);
			name = "[CP] Embed Pods Frameworks";
			outputFileListPaths = (
				"${PODS_ROOT}/Target Support Files/Pods-ActiveCitizen/Pods-ActiveCitizen-frameworks-${CONFIGURATION}-output-files.xcfilelist",
			);
			runOnlyForDeploymentPostprocessing = 0;
			shellPath = /bin/sh;
			shellScript = "\"${PODS_ROOT}/Target Support Files/Pods-ActiveCitizen/Pods-ActiveCitizen-frameworks.sh\"\n";
			showEnvVarsInLog = 0;
		};
		E3BBAFA5C45AC146BDFA6D43 /* [CP] Check Pods Manifest.lock */ = {
			isa = PBXShellScriptBuildPhase;
			buildActionMask = 2147483647;
			files = (
			);
			inputFileListPaths = (
			);
			inputPaths = (
				"${PODS_PODFILE_DIR_PATH}/Podfile.lock",
				"${PODS_ROOT}/Manifest.lock",
			);
			name = "[CP] Check Pods Manifest.lock";
			outputFileListPaths = (
			);
			outputPaths = (
				"$(DERIVED_FILE_DIR)/Pods-ActiveCitizen-checkManifestLockResult.txt",
			);
			runOnlyForDeploymentPostprocessing = 0;
			shellPath = /bin/sh;
			shellScript = "diff \"${PODS_PODFILE_DIR_PATH}/Podfile.lock\" \"${PODS_ROOT}/Manifest.lock\" > /dev/null\nif [ $? != 0 ] ; then\n    # print error to STDERR\n    echo \"error: The sandbox is not in sync with the Podfile.lock. Run 'pod install' or update your CocoaPods installation.\" >&2\n    exit 1\nfi\n# This output is used by Xcode 'outputs' to avoid re-running this script phase.\necho \"SUCCESS\" > \"${SCRIPT_OUTPUT_FILE_0}\"\n";
			showEnvVarsInLog = 0;
		};
/* End PBXShellScriptBuildPhase section */

/* Begin PBXSourcesBuildPhase section */
		C52CE6432395440F004760EF /* Sources */ = {
			isa = PBXSourcesBuildPhase;
			buildActionMask = 2147483647;
			files = (
				C52CE68B23954FCB004760EF /* UIColor+Style.swift in Sources */,
				C523602623967420002D9783 /* ReportsListTableViewCell.swift in Sources */,
				F722EB38239D2FB300718397 /* UIButton+Highlight.swift in Sources */,
				C52CE68523954B7E004760EF /* MoreViewController.swift in Sources */,
				C5A3A77123968E4A0006997D /* AboutViewController.swift in Sources */,
				C523602A23967F5A002D9783 /* UIApplication+Loading.swift in Sources */,
				F722EB40239D8EF500718397 /* MakeReportMapViewController+TextViewHideKeyboard.swift in Sources */,
				C52CE675239548D7004760EF /* BaseProfileViewController.swift in Sources */,
				C5236012239644FD002D9783 /* IBDesignableView.swift in Sources */,
				C52CE67F23954A03004760EF /* ProfileViewController.swift in Sources */,
				C52CE68923954FBE004760EF /* UIFont+Style.swift in Sources */,
				C52CE68123954AA5004760EF /* ReportsListContainerViewController.swift in Sources */,
				C52CE68F23955740004760EF /* BaseViewController+TextFieldNavigation.swift in Sources */,
				C52360182396513C002D9783 /* BaseNetworkManager.swift in Sources */,
				C523601E23966D16002D9783 /* BaseDataSource.swift in Sources */,
				C52CE673239548C1004760EF /* BaseMakeReportViewController.swift in Sources */,
				C52CE69323955F95004760EF /* RootTabBarController.swift in Sources */,
				C523601A2396593D002D9783 /* ReportsManager.swift in Sources */,
				C523600B2396419C002D9783 /* ExampleUIViewWithXib.swift in Sources */,
				F722EB3E239D491B00718397 /* MakeReportMapViewController+TextViewDelegate.swift in Sources */,
				C523602823967EB0002D9783 /* UIApplication+TopViewController.swift in Sources */,
				F77187C0239FAD3300AAA1C6 /* MakeReportScrollView.swift in Sources */,
				C52CE68323954B01004760EF /* UsersListViewController.swift in Sources */,
				C52CE679239548F0004760EF /* BaseUsersViewController.swift in Sources */,
				C593177D2397A4D90043F68C /* String+DateParse.swift in Sources */,
				C523601623964F11002D9783 /* ReportsMapViewController.swift in Sources */,
				F75E489C239AC9B0007BDD47 /* UIView+DashedBorder.swift in Sources */,
				C52360212396700F002D9783 /* ReportsListDataSource.swift in Sources */,
				C52CE67B239548FD004760EF /* BaseMoreViewController.swift in Sources */,
				C5A3A77323968E580006997D /* VotingViewController.swift in Sources */,
				C52CE67D239549AF004760EF /* MakeReportMapViewController.swift in Sources */,
				C593175923978DE50043F68C /* UIImage+MapMarkers.swift in Sources */,
				C52CE677239548E6004760EF /* BaseReportsListViewController.swift in Sources */,
				C52CE69123955EE2004760EF /* BaseNavigationController.swift in Sources */,
				C523602C239687E6002D9783 /* ReportDetailsViewController.swift in Sources */,
				C52CE64B2395440F004760EF /* AppDelegate.swift in Sources */,
				C52CE68D23955331004760EF /* UITabBarController+Animation.swift in Sources */,
				C52360102396430C002D9783 /* UIView+Attributes.swift in Sources */,
				C523601C23965D5C002D9783 /* Report.swift in Sources */,
				C523601423964F05002D9783 /* ReportsListViewController.swift in Sources */,
				F7A7811A239E9B7700EE2000 /* MakeReportMapViewController+UIScrollviewDelegate.swift in Sources */,
				C523600823963C24002D9783 /* UIViewWithXib.swift in Sources */,
				C5236024239672CD002D9783 /* BaseTableViewCell.swift in Sources */,
				F75E4898239AA524007BDD47 /* MakeReport.swift in Sources */,
				C593177F2397A7890043F68C /* Date+Formatter.swift in Sources */,
				C52CE661239544E4004760EF /* BaseViewController.swift in Sources */,
			);
			runOnlyForDeploymentPostprocessing = 0;
		};
/* End PBXSourcesBuildPhase section */

/* Begin PBXVariantGroup section */
		C52CE6502395440F004760EF /* Main.storyboard */ = {
			isa = PBXVariantGroup;
			children = (
				C52CE6512395440F004760EF /* Base */,
			);
			name = Main.storyboard;
			sourceTree = "<group>";
		};
		C52CE65523954412004760EF /* LaunchScreen.storyboard */ = {
			isa = PBXVariantGroup;
			children = (
				C52CE65623954412004760EF /* Base */,
			);
			name = LaunchScreen.storyboard;
			sourceTree = "<group>";
		};
/* End PBXVariantGroup section */

/* Begin XCBuildConfiguration section */
		C52CE65923954412004760EF /* Debug */ = {
			isa = XCBuildConfiguration;
			buildSettings = {
				ALWAYS_SEARCH_USER_PATHS = NO;
				CLANG_ANALYZER_NONNULL = YES;
				CLANG_ANALYZER_NUMBER_OBJECT_CONVERSION = YES_AGGRESSIVE;
				CLANG_CXX_LANGUAGE_STANDARD = "gnu++14";
				CLANG_CXX_LIBRARY = "libc++";
				CLANG_ENABLE_MODULES = YES;
				CLANG_ENABLE_OBJC_ARC = YES;
				CLANG_ENABLE_OBJC_WEAK = YES;
				CLANG_WARN_BLOCK_CAPTURE_AUTORELEASING = YES;
				CLANG_WARN_BOOL_CONVERSION = YES;
				CLANG_WARN_COMMA = YES;
				CLANG_WARN_CONSTANT_CONVERSION = YES;
				CLANG_WARN_DEPRECATED_OBJC_IMPLEMENTATIONS = YES;
				CLANG_WARN_DIRECT_OBJC_ISA_USAGE = YES_ERROR;
				CLANG_WARN_DOCUMENTATION_COMMENTS = YES;
				CLANG_WARN_EMPTY_BODY = YES;
				CLANG_WARN_ENUM_CONVERSION = YES;
				CLANG_WARN_INFINITE_RECURSION = YES;
				CLANG_WARN_INT_CONVERSION = YES;
				CLANG_WARN_NON_LITERAL_NULL_CONVERSION = YES;
				CLANG_WARN_OBJC_IMPLICIT_RETAIN_SELF = YES;
				CLANG_WARN_OBJC_LITERAL_CONVERSION = YES;
				CLANG_WARN_OBJC_ROOT_CLASS = YES_ERROR;
				CLANG_WARN_RANGE_LOOP_ANALYSIS = YES;
				CLANG_WARN_STRICT_PROTOTYPES = YES;
				CLANG_WARN_SUSPICIOUS_MOVE = YES;
				CLANG_WARN_UNGUARDED_AVAILABILITY = YES_AGGRESSIVE;
				CLANG_WARN_UNREACHABLE_CODE = YES;
				CLANG_WARN__DUPLICATE_METHOD_MATCH = YES;
				COPY_PHASE_STRIP = NO;
				DEBUG_INFORMATION_FORMAT = dwarf;
				ENABLE_STRICT_OBJC_MSGSEND = YES;
				ENABLE_TESTABILITY = YES;
				GCC_C_LANGUAGE_STANDARD = gnu11;
				GCC_DYNAMIC_NO_PIC = NO;
				GCC_NO_COMMON_BLOCKS = YES;
				GCC_OPTIMIZATION_LEVEL = 0;
				GCC_PREPROCESSOR_DEFINITIONS = (
					"DEBUG=1",
					"$(inherited)",
				);
				GCC_WARN_64_TO_32_BIT_CONVERSION = YES;
				GCC_WARN_ABOUT_RETURN_TYPE = YES_ERROR;
				GCC_WARN_UNDECLARED_SELECTOR = YES;
				GCC_WARN_UNINITIALIZED_AUTOS = YES_AGGRESSIVE;
				GCC_WARN_UNUSED_FUNCTION = YES;
				GCC_WARN_UNUSED_VARIABLE = YES;
				IPHONEOS_DEPLOYMENT_TARGET = 10.0;
				MTL_ENABLE_DEBUG_INFO = INCLUDE_SOURCE;
				MTL_FAST_MATH = YES;
				ONLY_ACTIVE_ARCH = YES;
				SDKROOT = iphoneos;
				SWIFT_ACTIVE_COMPILATION_CONDITIONS = DEBUG;
				SWIFT_OPTIMIZATION_LEVEL = "-Onone";
			};
			name = Debug;
		};
		C52CE65A23954412004760EF /* Release */ = {
			isa = XCBuildConfiguration;
			buildSettings = {
				ALWAYS_SEARCH_USER_PATHS = NO;
				CLANG_ANALYZER_NONNULL = YES;
				CLANG_ANALYZER_NUMBER_OBJECT_CONVERSION = YES_AGGRESSIVE;
				CLANG_CXX_LANGUAGE_STANDARD = "gnu++14";
				CLANG_CXX_LIBRARY = "libc++";
				CLANG_ENABLE_MODULES = YES;
				CLANG_ENABLE_OBJC_ARC = YES;
				CLANG_ENABLE_OBJC_WEAK = YES;
				CLANG_WARN_BLOCK_CAPTURE_AUTORELEASING = YES;
				CLANG_WARN_BOOL_CONVERSION = YES;
				CLANG_WARN_COMMA = YES;
				CLANG_WARN_CONSTANT_CONVERSION = YES;
				CLANG_WARN_DEPRECATED_OBJC_IMPLEMENTATIONS = YES;
				CLANG_WARN_DIRECT_OBJC_ISA_USAGE = YES_ERROR;
				CLANG_WARN_DOCUMENTATION_COMMENTS = YES;
				CLANG_WARN_EMPTY_BODY = YES;
				CLANG_WARN_ENUM_CONVERSION = YES;
				CLANG_WARN_INFINITE_RECURSION = YES;
				CLANG_WARN_INT_CONVERSION = YES;
				CLANG_WARN_NON_LITERAL_NULL_CONVERSION = YES;
				CLANG_WARN_OBJC_IMPLICIT_RETAIN_SELF = YES;
				CLANG_WARN_OBJC_LITERAL_CONVERSION = YES;
				CLANG_WARN_OBJC_ROOT_CLASS = YES_ERROR;
				CLANG_WARN_RANGE_LOOP_ANALYSIS = YES;
				CLANG_WARN_STRICT_PROTOTYPES = YES;
				CLANG_WARN_SUSPICIOUS_MOVE = YES;
				CLANG_WARN_UNGUARDED_AVAILABILITY = YES_AGGRESSIVE;
				CLANG_WARN_UNREACHABLE_CODE = YES;
				CLANG_WARN__DUPLICATE_METHOD_MATCH = YES;
				COPY_PHASE_STRIP = NO;
				DEBUG_INFORMATION_FORMAT = "dwarf-with-dsym";
				ENABLE_NS_ASSERTIONS = NO;
				ENABLE_STRICT_OBJC_MSGSEND = YES;
				GCC_C_LANGUAGE_STANDARD = gnu11;
				GCC_NO_COMMON_BLOCKS = YES;
				GCC_WARN_64_TO_32_BIT_CONVERSION = YES;
				GCC_WARN_ABOUT_RETURN_TYPE = YES_ERROR;
				GCC_WARN_UNDECLARED_SELECTOR = YES;
				GCC_WARN_UNINITIALIZED_AUTOS = YES_AGGRESSIVE;
				GCC_WARN_UNUSED_FUNCTION = YES;
				GCC_WARN_UNUSED_VARIABLE = YES;
				IPHONEOS_DEPLOYMENT_TARGET = 10.0;
				MTL_ENABLE_DEBUG_INFO = NO;
				MTL_FAST_MATH = YES;
				SDKROOT = iphoneos;
				SWIFT_COMPILATION_MODE = wholemodule;
				SWIFT_OPTIMIZATION_LEVEL = "-O";
				VALIDATE_PRODUCT = YES;
			};
			name = Release;
		};
		C52CE65C23954412004760EF /* Debug */ = {
			isa = XCBuildConfiguration;
			baseConfigurationReference = B2355D48FC3D005665FDBD9A /* Pods-ActiveCitizen.debug.xcconfig */;
			buildSettings = {
				ASSETCATALOG_COMPILER_APPICON_NAME = AppIcon;
				CODE_SIGN_IDENTITY = "Apple Development";
				CODE_SIGN_STYLE = Automatic;
				DEVELOPMENT_TEAM = 7GWKN9T43H;
				INFOPLIST_FILE = ActiveCitizen/Info.plist;
				IPHONEOS_DEPLOYMENT_TARGET = 10.0;
				LD_RUNPATH_SEARCH_PATHS = (
					"$(inherited)",
					"@executable_path/Frameworks",
				);
				PRODUCT_BUNDLE_IDENTIFIER = com.antares.activecitizen;
				PRODUCT_NAME = "$(TARGET_NAME)";
				SWIFT_VERSION = 5.0;
				TARGETED_DEVICE_FAMILY = "1,2";
			};
			name = Debug;
		};
		C52CE65D23954412004760EF /* Release */ = {
			isa = XCBuildConfiguration;
			baseConfigurationReference = E9489D3B0AFFD2E9B4255859 /* Pods-ActiveCitizen.release.xcconfig */;
			buildSettings = {
				ASSETCATALOG_COMPILER_APPICON_NAME = AppIcon;
				CODE_SIGN_IDENTITY = "Apple Development";
				CODE_SIGN_STYLE = Automatic;
				DEVELOPMENT_TEAM = 7GWKN9T43H;
				INFOPLIST_FILE = ActiveCitizen/Info.plist;
				IPHONEOS_DEPLOYMENT_TARGET = 10.0;
				LD_RUNPATH_SEARCH_PATHS = (
					"$(inherited)",
					"@executable_path/Frameworks",
				);
				PRODUCT_BUNDLE_IDENTIFIER = com.antares.activecitizen;
				PRODUCT_NAME = "$(TARGET_NAME)";
				SWIFT_VERSION = 5.0;
				TARGETED_DEVICE_FAMILY = "1,2";
			};
			name = Release;
		};
/* End XCBuildConfiguration section */

/* Begin XCConfigurationList section */
		C52CE6422395440F004760EF /* Build configuration list for PBXProject "ActiveCitizen" */ = {
			isa = XCConfigurationList;
			buildConfigurations = (
				C52CE65923954412004760EF /* Debug */,
				C52CE65A23954412004760EF /* Release */,
			);
			defaultConfigurationIsVisible = 0;
			defaultConfigurationName = Release;
		};
		C52CE65B23954412004760EF /* Build configuration list for PBXNativeTarget "ActiveCitizen" */ = {
			isa = XCConfigurationList;
			buildConfigurations = (
				C52CE65C23954412004760EF /* Debug */,
				C52CE65D23954412004760EF /* Release */,
			);
			defaultConfigurationIsVisible = 0;
			defaultConfigurationName = Release;
		};
/* End XCConfigurationList section */
	};
	rootObject = C52CE63F2395440F004760EF /* Project object */;
}
